
Microsoft Visual Studio Solution File, Format Version 12.00
# Visual Studio 15
Project("{FAE04EC0-301F-11D3-BF4B-00C04F79EFBC}") = "Assembly-CSharp-Editor", "Assembly-CSharp-Editor.csproj", "{55BA0916-1970-0384-2DC9-A4FDE15CC6B3}"
EndProject
Project("{FAE04EC0-301F-11D3-BF4B-00C04F79EFBC}") = "Assembly-CSharp", "Assembly-CSharp.csproj", "{77E8860D-2283-0406-949E-608D16AC8FC1}"
EndProject
Global
	GlobalSection(SolutionConfigurationPlatforms) = preSolution
		Debug|Any CPU = Debug|Any CPU
		Release|Any CPU = Release|Any CPU
	EndGlobalSection
	GlobalSection(ProjectConfigurationPlatforms) = postSolution
		{55BA0916-1970-0384-2DC9-A4FDE15CC6B3}.Debug|Any CPU.ActiveCfg = Debug|Any CPU
		{55BA0916-1970-0384-2DC9-A4FDE15CC6B3}.Debug|Any CPU.Build.0 = Debug|Any CPU
		{55BA0916-1970-0384-2DC9-A4FDE15CC6B3}.Release|Any CPU.ActiveCfg = Release|Any CPU
		{55BA0916-1970-0384-2DC9-A4FDE15CC6B3}.Release|Any CPU.Build.0 = Release|Any CPU
		{77E8860D-2283-0406-949E-608D16AC8FC1}.Debug|Any CPU.ActiveCfg = Debug|Any CPU
		{77E8860D-2283-0406-949E-608D16AC8FC1}.Debug|Any CPU.Build.0 = Debug|Any CPU
		{77E8860D-2283-0406-949E-608D16AC8FC1}.Release|Any CPU.ActiveCfg = Release|Any CPU
		{77E8860D-2283-0406-949E-608D16AC8FC1}.Release|Any CPU.Build.0 = Release|Any CPU
	EndGlobalSection
	GlobalSection(SolutionProperties) = preSolution
		HideSolutionNode = FALSE
	EndGlobalSection
EndGlobal
